
Microsoft Visual Studio Solution File, Format Version 12.00
# Visual Studio Version 17
VisualStudioVersion = 17.0.31903.59
MinimumVisualStudioVersion = 10.0.40219.1
Project("{FAE04EC0-301F-11D3-BF4B-00C04F79EFBC}") = "Catalog.Data", "Catalog.Data\Catalog.Data.csproj", "{26A0D701-9898-46B2-B58B-4697FC56AD96}"
EndProject
Project("{FAE04EC0-301F-11D3-BF4B-00C04F79EFBC}") = "Catalog.Data.Manager", "Catalog.Data.Manager\Catalog.Data.Manager.csproj", "{5397CF3D-0FE3-4D18-B019-D43E0BFA54E5}"
EndProject
Global
	GlobalSection(SolutionConfigurationPlatforms) = preSolution
		Debug|Any CPU = Debug|Any CPU
		Release|Any CPU = Release|Any CPU
	EndGlobalSection
	GlobalSection(SolutionProperties) = preSolution
		HideSolutionNode = FALSE
	EndGlobalSection
	GlobalSection(ProjectConfigurationPlatforms) = postSolution
		{26A0D701-9898-46B2-B58B-4697FC56AD96}.Debug|Any CPU.ActiveCfg = Debug|Any CPU
		{26A0D701-9898-46B2-B58B-4697FC56AD96}.Debug|Any CPU.Build.0 = Debug|Any CPU
		{26A0D701-9898-46B2-B58B-4697FC56AD96}.Release|Any CPU.ActiveCfg = Release|Any CPU
		{26A0D701-9898-46B2-B58B-4697FC56AD96}.Release|Any CPU.Build.0 = Release|Any CPU
		{5397CF3D-0FE3-4D18-B019-D43E0BFA54E5}.Debug|Any CPU.ActiveCfg = Debug|Any CPU
		{5397CF3D-0FE3-4D18-B019-D43E0BFA54E5}.Debug|Any CPU.Build.0 = Debug|Any CPU
		{5397CF3D-0FE3-4D18-B019-D43E0BFA54E5}.Release|Any CPU.ActiveCfg = Release|Any CPU
		{5397CF3D-0FE3-4D18-B019-D43E0BFA54E5}.Release|Any CPU.Build.0 = Release|Any CPU
	EndGlobalSection
EndGlobal
