
Microsoft Visual Studio Solution File, Format Version 12.00
# Visual Studio Version 17
VisualStudioVersion = 17.10.34516.246
MinimumVisualStudioVersion = 10.0.40219.1
Project("{9A19103F-16F7-4668-BE54-9A1E7A4F7556}") = "Catalog.API", "src\Catalog.API\Catalog.API.csproj", "{B23BB554-C97B-4818-867F-52F7BFB53898}"
EndProject
Project("{9A19103F-16F7-4668-BE54-9A1E7A4F7556}") = "Ordering.API", "src\Ordering.API\Ordering.API.csproj", "{5CDFE63E-CABF-4576-A1F5-5B7CC8B21B24}"
EndProject
Project("{9A19103F-16F7-4668-BE54-9A1E7A4F7556}") = "Basket.API", "src\Basket.API\Basket.API.csproj", "{B5C1FE61-26BA-4661-8F88-45CF3DCC8D0E}"
EndProject
Project("{9A19103F-16F7-4668-BE54-9A1E7A4F7556}") = "eShop.ServiceDefaults", "src\eShop.ServiceDefaults\eShop.ServiceDefaults.csproj", "{8428311B-842D-456A-B094-0EE8CD326535}"
EndProject
Project("{9A19103F-16F7-4668-BE54-9A1E7A4F7556}") = "WebApp", "src\WebApp\WebApp.csproj", "{56C0179F-F885-48D2-B534-C8CF2B8792D0}"
EndProject
Project("{9A19103F-16F7-4668-BE54-9A1E7A4F7556}") = "eShop.AppHost", "src\eShop.AppHost\eShop.AppHost.csproj", "{2F3143A9-1565-43BF-8BF2-18B13F604CE9}"
EndProject
Project("{2150E333-8FDC-42A3-9474-1A3956D46DE8}") = "Solution Items", "Solution Items", "{A6027EA9-0BF5-4C14-9FBE-8AE279698F5E}"
	ProjectSection(SolutionItems) = preProject
		Directory.Build.props = Directory.Build.props
		Directory.Build.targets = Directory.Build.targets
		Directory.Packages.props = Directory.Packages.props
		README.md = README.md
	EndProjectSection
EndProject
Project("{2150E333-8FDC-42A3-9474-1A3956D46DE8}") = "Keycloak", "Keycloak", "{08838C5F-C3E6-40BF-949E-E65485195307}"
	ProjectSection(SolutionItems) = preProject
		src\Keycloak\data\import\eshop-realm.json = src\Keycloak\data\import\eshop-realm.json
	EndProjectSection
EndProject
Project("{9A19103F-16F7-4668-BE54-9A1E7A4F7556}") = "Catalog.Data", "src\Catalog.Data\Catalog.Data.csproj", "{BFF57633-BF05-4D32-826C-212AE7858539}"
EndProject
Project("{9A19103F-16F7-4668-BE54-9A1E7A4F7556}") = "Catalog.Data.Manager", "src\Catalog.Data.Manager\Catalog.Data.Manager.csproj", "{E1AAD2C8-97A7-404E-9DF7-89A719101631}"
EndProject
Project("{9A19103F-16F7-4668-BE54-9A1E7A4F7556}") = "Ordering.Data", "src\Ordering.Data\Ordering.Data.csproj", "{D68FAD25-C09D-434C-A7AE-8F78DB2D923D}"
EndProject
Project("{9A19103F-16F7-4668-BE54-9A1E7A4F7556}") = "Ordering.Data.Manager", "src\Ordering.Data.Manager\Ordering.Data.Manager.csproj", "{4FCA8863-B3C7-47D6-B031-37A0384B40AA}"
EndProject
Project("{FAE04EC0-301F-11D3-BF4B-00C04F79EFBC}") = "IntegrationTests", "src\IntegrationTests\IntegrationTests.csproj", "{78A319E7-76E6-4813-9C36-CB90B406A91D}"
EndProject
Global
	GlobalSection(SolutionConfigurationPlatforms) = preSolution
		Debug|Any CPU = Debug|Any CPU
		Release|Any CPU = Release|Any CPU
	EndGlobalSection
	GlobalSection(ProjectConfigurationPlatforms) = postSolution
		{B23BB554-C97B-4818-867F-52F7BFB53898}.Debug|Any CPU.ActiveCfg = Debug|Any CPU
		{B23BB554-C97B-4818-867F-52F7BFB53898}.Debug|Any CPU.Build.0 = Debug|Any CPU
		{B23BB554-C97B-4818-867F-52F7BFB53898}.Release|Any CPU.ActiveCfg = Release|Any CPU
		{B23BB554-C97B-4818-867F-52F7BFB53898}.Release|Any CPU.Build.0 = Release|Any CPU
		{5CDFE63E-CABF-4576-A1F5-5B7CC8B21B24}.Debug|Any CPU.ActiveCfg = Debug|Any CPU
		{5CDFE63E-CABF-4576-A1F5-5B7CC8B21B24}.Debug|Any CPU.Build.0 = Debug|Any CPU
		{5CDFE63E-CABF-4576-A1F5-5B7CC8B21B24}.Release|Any CPU.ActiveCfg = Release|Any CPU
		{5CDFE63E-CABF-4576-A1F5-5B7CC8B21B24}.Release|Any CPU.Build.0 = Release|Any CPU
		{B5C1FE61-26BA-4661-8F88-45CF3DCC8D0E}.Debug|Any CPU.ActiveCfg = Debug|Any CPU
		{B5C1FE61-26BA-4661-8F88-45CF3DCC8D0E}.Debug|Any CPU.Build.0 = Debug|Any CPU
		{B5C1FE61-26BA-4661-8F88-45CF3DCC8D0E}.Release|Any CPU.ActiveCfg = Release|Any CPU
		{B5C1FE61-26BA-4661-8F88-45CF3DCC8D0E}.Release|Any CPU.Build.0 = Release|Any CPU
		{8428311B-842D-456A-B094-0EE8CD326535}.Debug|Any CPU.ActiveCfg = Debug|Any CPU
		{8428311B-842D-456A-B094-0EE8CD326535}.Debug|Any CPU.Build.0 = Debug|Any CPU
		{8428311B-842D-456A-B094-0EE8CD326535}.Release|Any CPU.ActiveCfg = Release|Any CPU
		{8428311B-842D-456A-B094-0EE8CD326535}.Release|Any CPU.Build.0 = Release|Any CPU
		{56C0179F-F885-48D2-B534-C8CF2B8792D0}.Debug|Any CPU.ActiveCfg = Debug|Any CPU
		{56C0179F-F885-48D2-B534-C8CF2B8792D0}.Debug|Any CPU.Build.0 = Debug|Any CPU
		{56C0179F-F885-48D2-B534-C8CF2B8792D0}.Release|Any CPU.ActiveCfg = Release|Any CPU
		{56C0179F-F885-48D2-B534-C8CF2B8792D0}.Release|Any CPU.Build.0 = Release|Any CPU
		{2F3143A9-1565-43BF-8BF2-18B13F604CE9}.Debug|Any CPU.ActiveCfg = Debug|Any CPU
		{2F3143A9-1565-43BF-8BF2-18B13F604CE9}.Debug|Any CPU.Build.0 = Debug|Any CPU
		{2F3143A9-1565-43BF-8BF2-18B13F604CE9}.Release|Any CPU.ActiveCfg = Release|Any CPU
		{2F3143A9-1565-43BF-8BF2-18B13F604CE9}.Release|Any CPU.Build.0 = Release|Any CPU
		{BFF57633-BF05-4D32-826C-212AE7858539}.Debug|Any CPU.ActiveCfg = Debug|Any CPU
		{BFF57633-BF05-4D32-826C-212AE7858539}.Debug|Any CPU.Build.0 = Debug|Any CPU
		{BFF57633-BF05-4D32-826C-212AE7858539}.Release|Any CPU.ActiveCfg = Release|Any CPU
		{BFF57633-BF05-4D32-826C-212AE7858539}.Release|Any CPU.Build.0 = Release|Any CPU
		{E1AAD2C8-97A7-404E-9DF7-89A719101631}.Debug|Any CPU.ActiveCfg = Debug|Any CPU
		{E1AAD2C8-97A7-404E-9DF7-89A719101631}.Debug|Any CPU.Build.0 = Debug|Any CPU
		{E1AAD2C8-97A7-404E-9DF7-89A719101631}.Release|Any CPU.ActiveCfg = Release|Any CPU
		{E1AAD2C8-97A7-404E-9DF7-89A719101631}.Release|Any CPU.Build.0 = Release|Any CPU
		{D68FAD25-C09D-434C-A7AE-8F78DB2D923D}.Debug|Any CPU.ActiveCfg = Debug|Any CPU
		{D68FAD25-C09D-434C-A7AE-8F78DB2D923D}.Debug|Any CPU.Build.0 = Debug|Any CPU
		{D68FAD25-C09D-434C-A7AE-8F78DB2D923D}.Release|Any CPU.ActiveCfg = Release|Any CPU
		{D68FAD25-C09D-434C-A7AE-8F78DB2D923D}.Release|Any CPU.Build.0 = Release|Any CPU
		{4FCA8863-B3C7-47D6-B031-37A0384B40AA}.Debug|Any CPU.ActiveCfg = Debug|Any CPU
		{4FCA8863-B3C7-47D6-B031-37A0384B40AA}.Debug|Any CPU.Build.0 = Debug|Any CPU
		{4FCA8863-B3C7-47D6-B031-37A0384B40AA}.Release|Any CPU.ActiveCfg = Release|Any CPU
		{4FCA8863-B3C7-47D6-B031-37A0384B40AA}.Release|Any CPU.Build.0 = Release|Any CPU
		{78A319E7-76E6-4813-9C36-CB90B406A91D}.Debug|Any CPU.ActiveCfg = Debug|Any CPU
		{78A319E7-76E6-4813-9C36-CB90B406A91D}.Debug|Any CPU.Build.0 = Debug|Any CPU
		{78A319E7-76E6-4813-9C36-CB90B406A91D}.Release|Any CPU.ActiveCfg = Release|Any CPU
		{78A319E7-76E6-4813-9C36-CB90B406A91D}.Release|Any CPU.Build.0 = Release|Any CPU
	EndGlobalSection
	GlobalSection(SolutionProperties) = preSolution
		HideSolutionNode = FALSE
	EndGlobalSection
	GlobalSection(NestedProjects) = preSolution
		{08838C5F-C3E6-40BF-949E-E65485195307} = {A6027EA9-0BF5-4C14-9FBE-8AE279698F5E}
	EndGlobalSection
	GlobalSection(ExtensibilityGlobals) = postSolution
		SolutionGuid = {AE365351-EBCD-434F-AFAD-234751FE192E}
	EndGlobalSection
EndGlobal
